{
  "originHash" : "c46b1897bb7d5cfa77bc13de10728396f620faa446a20cf4985ba51151938d3c",
  "pins" : [
    {
      "identity" : "swift-syntax",
      "kind" : "remoteSourceControl",
      "location" : "https://github.com/swiftlang/swift-syntax",
      "state" : {
        "revision" : "050f1a346fbbac0ca2cfb15a95274f7bd1cf0ccf",
        "version" : "604.0.0"
      }
    },
    {
      "identity" : "swiftui-lazy-state",
      "kind" : "remoteSourceControl",
      "location" : "https://github.com/pointfreeco/swiftui-lazy-state",
      "state" : {
        "revision" : "7cad85dca592cd605f15db2279cdb9efe96aea50",
        "version" : "1.0.0"
      }
    }
  ],
  "version" : 3
}
